
Microsoft Visual Studio Solution File, Format Version 12.00
# Visual Studio Version 17
VisualStudioVersion = 17.4.33205.214
MinimumVisualStudioVersion = 10.0.40219.1
Project("{9A19103F-16F7-4668-BE54-9A1E7A4F7556}") = "Kursova", "Kursova\Kursova.csproj", "{3CC0DB4A-76B6-482D-905E-02D2A5AB2D41}"
EndProject
Project("{FAE04EC0-301F-11D3-BF4B-00C04F79EFBC}") = "TestKursova", "TestKursova\TestKursova.csproj", "{95E27105-49CF-453C-A618-3FA2C72149EB}"
EndProject
Global
	GlobalSection(SolutionConfigurationPlatforms) = preSolution
		Debug|Any CPU = Debug|Any CPU
		Release|Any CPU = Release|Any CPU
	EndGlobalSection
	GlobalSection(ProjectConfigurationPlatforms) = postSolution
		{3CC0DB4A-76B6-482D-905E-02D2A5AB2D41}.Debug|Any CPU.ActiveCfg = Debug|Any CPU
		{3CC0DB4A-76B6-482D-905E-02D2A5AB2D41}.Debug|Any CPU.Build.0 = Debug|Any CPU
		{3CC0DB4A-76B6-482D-905E-02D2A5AB2D41}.Release|Any CPU.ActiveCfg = Release|Any CPU
		{3CC0DB4A-76B6-482D-905E-02D2A5AB2D41}.Release|Any CPU.Build.0 = Release|Any CPU
		{95E27105-49CF-453C-A618-3FA2C72149EB}.Debug|Any CPU.ActiveCfg = Debug|Any CPU
		{95E27105-49CF-453C-A618-3FA2C72149EB}.Debug|Any CPU.Build.0 = Debug|Any CPU
		{95E27105-49CF-453C-A618-3FA2C72149EB}.Release|Any CPU.ActiveCfg = Release|Any CPU
		{95E27105-49CF-453C-A618-3FA2C72149EB}.Release|Any CPU.Build.0 = Release|Any CPU
	EndGlobalSection
	GlobalSection(SolutionProperties) = preSolution
		HideSolutionNode = FALSE
	EndGlobalSection
	GlobalSection(ExtensibilityGlobals) = postSolution
		SolutionGuid = {9403CEF8-D4F4-42FB-BBE1-787C113DA0CF}
	EndGlobalSection
EndGlobal
